
Microsoft Visual Studio Solution File, Format Version 12.00
# Visual Studio Version 17
VisualStudioVersion = 17.5.33530.505
MinimumVisualStudioVersion = 10.0.40219.1
Project("{9A19103F-16F7-4668-BE54-9A1E7A4F7556}") = "QLTV_1_0", "QLTV_1_0\QLTV_1_0.csproj", "{FBD96142-218F-43AA-A5A4-C423CA8B9ED8}"
EndProject
Global
	GlobalSection(SolutionConfigurationPlatforms) = preSolution
		Debug|Any CPU = Debug|Any CPU
		Release|Any CPU = Release|Any CPU
	EndGlobalSection
	GlobalSection(ProjectConfigurationPlatforms) = postSolution
		{FBD96142-218F-43AA-A5A4-C423CA8B9ED8}.Debug|Any CPU.ActiveCfg = Debug|Any CPU
		{FBD96142-218F-43AA-A5A4-C423CA8B9ED8}.Debug|Any CPU.Build.0 = Debug|Any CPU
		{FBD96142-218F-43AA-A5A4-C423CA8B9ED8}.Release|Any CPU.ActiveCfg = Release|Any CPU
		{FBD96142-218F-43AA-A5A4-C423CA8B9ED8}.Release|Any CPU.Build.0 = Release|Any CPU
	EndGlobalSection
	GlobalSection(SolutionProperties) = preSolution
		HideSolutionNode = FALSE
	EndGlobalSection
	GlobalSection(ExtensibilityGlobals) = postSolution
		SolutionGuid = {BEDAC4B2-9EBC-4A13-8790-EB49E3D492C0}
	EndGlobalSection
EndGlobal
